// !$*UTF8*$!
{
	archiveVersion = 1;
	classes = {
	};
	objectVersion = 50;
	objects = {

/* Begin PBXBuildFile section */
		5584237323E0E5E7006F3FF3 /* Parser.swift in Sources */ = {isa = PBXBuildFile; fileRef = 5584237223E0E5E7006F3FF3 /* Parser.swift */; };
		5595A36E23E01F6500A4A672 /* BaseInstructions.swift in Sources */ = {isa = PBXBuildFile; fileRef = 5595A36D23E01F6500A4A672 /* BaseInstructions.swift */; };
		5597179F23E0201E00C49992 /* Variant.swift in Sources */ = {isa = PBXBuildFile; fileRef = 5597179E23E0201E00C49992 /* Variant.swift */; };
		559717A123E020A200C49992 /* BaseRunnableInstructions.swift in Sources */ = {isa = PBXBuildFile; fileRef = 559717A023E020A200C49992 /* BaseRunnableInstructions.swift */; };
		55DF001D23DBCB97008700DA /* main.swift in Sources */ = {isa = PBXBuildFile; fileRef = 55DF001C23DBCB97008700DA /* main.swift */; };
		55DF002423DBD8BE008700DA /* example1.nim in CopyFiles */ = {isa = PBXBuildFile; fileRef = 55DF002323DBD884008700DA /* example1.nim */; };
/* End PBXBuildFile section */

/* Begin PBXCopyFilesBuildPhase section */
		55DF001723DBCB97008700DA /* CopyFiles */ = {
			isa = PBXCopyFilesBuildPhase;
			buildActionMask = 12;
			dstPath = "";
			dstSubfolderSpec = 16;
			files = (
				55DF002423DBD8BE008700DA /* example1.nim in CopyFiles */,
			);
			runOnlyForDeploymentPostprocessing = 0;
		};
/* End PBXCopyFilesBuildPhase section */

/* Begin PBXFileReference section */
		5584237223E0E5E7006F3FF3 /* Parser.swift */ = {isa = PBXFileReference; lastKnownFileType = sourcecode.swift; path = Parser.swift; sourceTree = "<group>"; };
		5595A36D23E01F6500A4A672 /* BaseInstructions.swift */ = {isa = PBXFileReference; lastKnownFileType = sourcecode.swift; path = BaseInstructions.swift; sourceTree = "<group>"; };
		5597179E23E0201E00C49992 /* Variant.swift */ = {isa = PBXFileReference; fileEncoding = 4; lastKnownFileType = sourcecode.swift; path = Variant.swift; sourceTree = "<group>"; };
		559717A023E020A200C49992 /* BaseRunnableInstructions.swift */ = {isa = PBXFileReference; lastKnownFileType = sourcecode.swift; path = BaseRunnableInstructions.swift; sourceTree = "<group>"; };
		55DF001923DBCB97008700DA /* nimue */ = {isa = PBXFileReference; explicitFileType = "compiled.mach-o.executable"; includeInIndex = 0; path = nimue; sourceTree = BUILT_PRODUCTS_DIR; };
		55DF001C23DBCB97008700DA /* main.swift */ = {isa = PBXFileReference; lastKnownFileType = sourcecode.swift; path = main.swift; sourceTree = "<group>"; };
		55DF002323DBD884008700DA /* example1.nim */ = {isa = PBXFileReference; lastKnownFileType = text; path = example1.nim; sourceTree = "<group>"; };
/* End PBXFileReference section */

/* Begin PBXFrameworksBuildPhase section */
		55DF001623DBCB97008700DA /* Frameworks */ = {
			isa = PBXFrameworksBuildPhase;
			buildActionMask = 2147483647;
			files = (
			);
			runOnlyForDeploymentPostprocessing = 0;
		};
/* End PBXFrameworksBuildPhase section */

/* Begin PBXGroup section */
		55DF001023DBCB97008700DA = {
			isa = PBXGroup;
			children = (
				55DF001B23DBCB97008700DA /* nimue */,
				55DF001A23DBCB97008700DA /* Products */,
			);
			sourceTree = "<group>";
		};
		55DF001A23DBCB97008700DA /* Products */ = {
			isa = PBXGroup;
			children = (
				55DF001923DBCB97008700DA /* nimue */,
			);
			name = Products;
			sourceTree = "<group>";
		};
		55DF001B23DBCB97008700DA /* nimue */ = {
			isa = PBXGroup;
			children = (
				55DF001C23DBCB97008700DA /* main.swift */,
				5584237223E0E5E7006F3FF3 /* Parser.swift */,
				5595A36D23E01F6500A4A672 /* BaseInstructions.swift */,
				559717A023E020A200C49992 /* BaseRunnableInstructions.swift */,
				5597179E23E0201E00C49992 /* Variant.swift */,
				55DF002323DBD884008700DA /* example1.nim */,
			);
			path = nimue;
			sourceTree = "<group>";
		};
/* End PBXGroup section */

/* Begin PBXNativeTarget section */
		55DF001823DBCB97008700DA /* nimue */ = {
			isa = PBXNativeTarget;
			buildConfigurationList = 55DF002023DBCB97008700DA /* Build configuration list for PBXNativeTarget "nimue" */;
			buildPhases = (
				55DF001523DBCB97008700DA /* Sources */,
				55DF001623DBCB97008700DA /* Frameworks */,
				55DF001723DBCB97008700DA /* CopyFiles */,
			);
			buildRules = (
			);
			dependencies = (
			);
			name = nimue;
			productName = nimue;
			productReference = 55DF001923DBCB97008700DA /* nimue */;
			productType = "com.apple.product-type.tool";
		};
/* End PBXNativeTarget section */

/* Begin PBXProject section */
		55DF001123DBCB97008700DA /* Project object */ = {
			isa = PBXProject;
			attributes = {
				LastSwiftUpdateCheck = 1130;
				LastUpgradeCheck = 1130;
				ORGANIZATIONNAME = "Uli Kusterer";
				TargetAttributes = {
					55DF001823DBCB97008700DA = {
						CreatedOnToolsVersion = 11.3.1;
					};
				};
			};
			buildConfigurationList = 55DF001423DBCB97008700DA /* Build configuration list for PBXProject "nimue" */;
			compatibilityVersion = "Xcode 9.3";
			developmentRegion = en;
			hasScannedForEncodings = 0;
			knownRegions = (
				en,
				Base,
			);
			mainGroup = 55DF001023DBCB97008700DA;
			productRefGroup = 55DF001A23DBCB97008700DA /* Products */;
			projectDirPath = "";
			projectRoot = "";
			targets = (
				55DF001823DBCB97008700DA /* nimue */,
			);
		};
/* End PBXProject section */

/* Begin PBXSourcesBuildPhase section */
		55DF001523DBCB97008700DA /* Sources */ = {
			isa = PBXSourcesBuildPhase;
			buildActionMask = 2147483647;
			files = (
				559717A123E020A200C49992 /* BaseRunnableInstructions.swift in Sources */,
				5597179F23E0201E00C49992 /* Variant.swift in Sources */,
				5584237323E0E5E7006F3FF3 /* Parser.swift in Sources */,
				55DF001D23DBCB97008700DA /* main.swift in Sources */,
				5595A36E23E01F6500A4A672 /* BaseInstructions.swift in Sources */,
			);
			runOnlyForDeploymentPostprocessing = 0;
		};
/* End PBXSourcesBuildPhase section */

/* Begin XCBuildConfiguration section */
		55DF001E23DBCB97008700DA /* Debug */ = {
			isa = XCBuildConfiguration;
			buildSettings = {
				ALWAYS_SEARCH_USER_PATHS = NO;
				CLANG_ANALYZER_NONNULL = YES;
				CLANG_ANALYZER_NUMBER_OBJECT_CONVERSION = YES_AGGRESSIVE;
				CLANG_CXX_LANGUAGE_STANDARD = "gnu++14";
				CLANG_CXX_LIBRARY = "libc++";
				CLANG_ENABLE_MODULES = YES;
				CLANG_ENABLE_OBJC_ARC = YES;
				CLANG_ENABLE_OBJC_WEAK = YES;
				CLANG_WARN_BLOCK_CAPTURE_AUTORELEASING = YES;
				CLANG_WARN_BOOL_CONVERSION = YES;
				CLANG_WARN_COMMA = YES;
				CLANG_WARN_CONSTANT_CONVERSION = YES;
				CLANG_WARN_DEPRECATED_OBJC_IMPLEMENTATIONS = YES;
				CLANG_WARN_DIRECT_OBJC_ISA_USAGE = YES_ERROR;
				CLANG_WARN_DOCUMENTATION_COMMENTS = YES;
				CLANG_WARN_EMPTY_BODY = YES;
				CLANG_WARN_ENUM_CONVERSION = YES;
				CLANG_WARN_INFINITE_RECURSION = YES;
				CLANG_WARN_INT_CONVERSION = YES;
				CLANG_WARN_NON_LITERAL_NULL_CONVERSION = YES;
				CLANG_WARN_OBJC_IMPLICIT_RETAIN_SELF = YES;
				CLANG_WARN_OBJC_LITERAL_CONVERSION = YES;
				CLANG_WARN_OBJC_ROOT_CLASS = YES_ERROR;
				CLANG_WARN_RANGE_LOOP_ANALYSIS = YES;
				CLANG_WARN_STRICT_PROTOTYPES = YES;
				CLANG_WARN_SUSPICIOUS_MOVE = YES;
				CLANG_WARN_UNGUARDED_AVAILABILITY = YES_AGGRESSIVE;
				CLANG_WARN_UNREACHABLE_CODE = YES;
				CLANG_WARN__DUPLICATE_METHOD_MATCH = YES;
				COPY_PHASE_STRIP = NO;
				DEBUG_INFORMATION_FORMAT = dwarf;
				ENABLE_STRICT_OBJC_MSGSEND = YES;
				ENABLE_TESTABILITY = YES;
				GCC_C_LANGUAGE_STANDARD = gnu11;
				GCC_DYNAMIC_NO_PIC = NO;
				GCC_NO_COMMON_BLOCKS = YES;
				GCC_OPTIMIZATION_LEVEL = 0;
				GCC_PREPROCESSOR_DEFINITIONS = (
					"DEBUG=1",
					"$(inherited)",
				);
				GCC_WARN_64_TO_32_BIT_CONVERSION = YES;
				GCC_WARN_ABOUT_RETURN_TYPE = YES_ERROR;
				GCC_WARN_UNDECLARED_SELECTOR = YES;
				GCC_WARN_UNINITIALIZED_AUTOS = YES_AGGRESSIVE;
				GCC_WARN_UNUSED_FUNCTION = YES;
				GCC_WARN_UNUSED_VARIABLE = YES;
				MACOSX_DEPLOYMENT_TARGET = 10.15;
				MTL_ENABLE_DEBUG_INFO = INCLUDE_SOURCE;
				MTL_FAST_MATH = YES;
				ONLY_ACTIVE_ARCH = YES;
				SDKROOT = macosx;
				SWIFT_ACTIVE_COMPILATION_CONDITIONS = DEBUG;
				SWIFT_OPTIMIZATION_LEVEL = "-Onone";
			};
			name = Debug;
		};
		55DF001F23DBCB97008700DA /* Release */ = {
			isa = XCBuildConfiguration;
			buildSettings = {
				ALWAYS_SEARCH_USER_PATHS = NO;
				CLANG_ANALYZER_NONNULL = YES;
				CLANG_ANALYZER_NUMBER_OBJECT_CONVERSION = YES_AGGRESSIVE;
				CLANG_CXX_LANGUAGE_STANDARD = "gnu++14";
				CLANG_CXX_LIBRARY = "libc++";
				CLANG_ENABLE_MODULES = YES;
				CLANG_ENABLE_OBJC_ARC = YES;
				CLANG_ENABLE_OBJC_WEAK = YES;
				CLANG_WARN_BLOCK_CAPTURE_AUTORELEASING = YES;
				CLANG_WARN_BOOL_CONVERSION = YES;
				CLANG_WARN_COMMA = YES;
				CLANG_WARN_CONSTANT_CONVERSION = YES;
				CLANG_WARN_DEPRECATED_OBJC_IMPLEMENTATIONS = YES;
				CLANG_WARN_DIRECT_OBJC_ISA_USAGE = YES_ERROR;
				CLANG_WARN_DOCUMENTATION_COMMENTS = YES;
				CLANG_WARN_EMPTY_BODY = YES;
				CLANG_WARN_ENUM_CONVERSION = YES;
				CLANG_WARN_INFINITE_RECURSION = YES;
				CLANG_WARN_INT_CONVERSION = YES;
				CLANG_WARN_NON_LITERAL_NULL_CONVERSION = YES;
				CLANG_WARN_OBJC_IMPLICIT_RETAIN_SELF = YES;
				CLANG_WARN_OBJC_LITERAL_CONVERSION = YES;
				CLANG_WARN_OBJC_ROOT_CLASS = YES_ERROR;
				CLANG_WARN_RANGE_LOOP_ANALYSIS = YES;
				CLANG_WARN_STRICT_PROTOTYPES = YES;
				CLANG_WARN_SUSPICIOUS_MOVE = YES;
				CLANG_WARN_UNGUARDED_AVAILABILITY = YES_AGGRESSIVE;
				CLANG_WARN_UNREACHABLE_CODE = YES;
				CLANG_WARN__DUPLICATE_METHOD_MATCH = YES;
				COPY_PHASE_STRIP = NO;
				DEBUG_INFORMATION_FORMAT = "dwarf-with-dsym";
				ENABLE_NS_ASSERTIONS = NO;
				ENABLE_STRICT_OBJC_MSGSEND = YES;
				GCC_C_LANGUAGE_STANDARD = gnu11;
				GCC_NO_COMMON_BLOCKS = YES;
				GCC_WARN_64_TO_32_BIT_CONVERSION = YES;
				GCC_WARN_ABOUT_RETURN_TYPE = YES_ERROR;
				GCC_WARN_UNDECLARED_SELECTOR = YES;
				GCC_WARN_UNINITIALIZED_AUTOS = YES_AGGRESSIVE;
				GCC_WARN_UNUSED_FUNCTION = YES;
				GCC_WARN_UNUSED_VARIABLE = YES;
				MACOSX_DEPLOYMENT_TARGET = 10.15;
				MTL_ENABLE_DEBUG_INFO = NO;
				MTL_FAST_MATH = YES;
				SDKROOT = macosx;
				SWIFT_COMPILATION_MODE = wholemodule;
				SWIFT_OPTIMIZATION_LEVEL = "-O";
			};
			name = Release;
		};
		55DF002123DBCB97008700DA /* Debug */ = {
			isa = XCBuildConfiguration;
			buildSettings = {
				CODE_SIGN_STYLE = Automatic;
				DEVELOPMENT_TEAM = RCKXACKVZS;
				ENABLE_HARDENED_RUNTIME = YES;
				PRODUCT_NAME = "$(TARGET_NAME)";
				SWIFT_VERSION = 5.0;
			};
			name = Debug;
		};
		55DF002223DBCB97008700DA /* Release */ = {
			isa = XCBuildConfiguration;
			buildSettings = {
				CODE_SIGN_STYLE = Automatic;
				DEVELOPMENT_TEAM = RCKXACKVZS;
				ENABLE_HARDENED_RUNTIME = YES;
				PRODUCT_NAME = "$(TARGET_NAME)";
				SWIFT_VERSION = 5.0;
			};
			name = Release;
		};
/* End XCBuildConfiguration section */

/* Begin XCConfigurationList section */
		55DF001423DBCB97008700DA /* Build configuration list for PBXProject "nimue" */ = {
			isa = XCConfigurationList;
			buildConfigurations = (
				55DF001E23DBCB97008700DA /* Debug */,
				55DF001F23DBCB97008700DA /* Release */,
			);
			defaultConfigurationIsVisible = 0;
			defaultConfigurationName = Release;
		};
		55DF002023DBCB97008700DA /* Build configuration list for PBXNativeTarget "nimue" */ = {
			isa = XCConfigurationList;
			buildConfigurations = (
				55DF002123DBCB97008700DA /* Debug */,
				55DF002223DBCB97008700DA /* Release */,
			);
			defaultConfigurationIsVisible = 0;
			defaultConfigurationName = Release;
		};
/* End XCConfigurationList section */
	};
	rootObject = 55DF001123DBCB97008700DA /* Project object */;
}
